{
  "name": "fig-to-json",
  "version": "1.0.0",
  "lockfileVersion": 3,
  "requires": true,
  "packages": {
    "": {
      "name": "fig-to-json",
      "version": "1.0.0",
      "license": "MIT",
      "dependencies": {
        "fflate": "^0.8.2",
        "fzstd": "^0.1.1",
        "kiwi-schema": "^0.5.0",
        "pako": "^2.1.0"
      },
      "bin": {
        "fig-to-json": "bin/cli.js"
      },
      "devDependencies": {},
      "engines": {
        "node": ">=18.0.0"
      }
    },
    "node_modules/fflate": {
      "version": "0.8.2",
      "resolved": "https://registry.npmjs.org/fflate/-/fflate-0.8.2.tgz",
      "integrity": "sha512-cPJU47OaAoCbg0pBvzsgpTPhmhqI5eJjh/JIu8tPj5q+T7iLvW/JAYUqmE7KOB4R1ZyEhzBaIQpQpardBF5z8A==",
      "license": "MIT"
    },
    "node_modules/fzstd": {
      "version": "0.1.1",
      "resolved": "https://registry.npmjs.org/fzstd/-/fzstd-0.1.1.tgz",
      "integrity": "sha512-dkuVSOKKwh3eas5VkJy1AW1vFpet8TA/fGmVA5krThl8YcOVE/8ZIoEA1+U1vEn5ckxxhLirSdY837azmbaNHA==",
      "license": "MIT"
    },
    "node_modules/kiwi-schema": {
      "version": "0.5.0",
      "resolved": "https://registry.npmjs.org/kiwi-schema/-/kiwi-schema-0.5.0.tgz",
      "integrity": "sha512-X+FpfU0yTEtc6aTHS7VwbOpvQwRt70+pXXWRI5fd6CvWhe7pSVC854TVo4Zo0x5/wwcWj+/9KUlXpdcP0dY9AA==",
      "license": "MIT",
      "bin": {
        "kiwic": "cli.js"
      }
    },
    "node_modules/pako": {
      "version": "2.1.0",
      "resolved": "https://registry.npmjs.org/pako/-/pako-2.1.0.tgz",
      "integrity": "sha512-w+eufiZ1WuJYgPXbV/PO3NCMEc3xqylkKHzp8bxp1uW4qaSNQUkwmLLEc3kKsfz8lpV1F8Ht3U1Cm+9Srog2ug==",
      "license": "(MIT AND Zlib)"
    }
  }
}
